version = 1
revision = 3
requires-python = ">=3.12"

[[package]]
name = "pulsectl"
version = "24.12.0"
source = { registry = "https://pypi.org/simple" }
sdist = { url = "https://files.pythonhosted.org/packages/f5/c5/f070a8c5f0a5742f7aebb5d90869ee1805174c03928dfafd3833de58bd57/pulsectl-24.12.0.tar.gz", hash = "sha256:288d6715232ac6f3dcdb123fbecaa2c0b9a50ea4087e6e87c3f841ab0a8a07fc", size = 41200, upload-time = "2024-12-26T13:22:57.389Z" }
wheels = [
    { url = "https://files.pythonhosted.org/packages/62/a9/5b119f86dd1a053c55da7d0355fca2ad215bae6f7f4777d46b307a8cc3e9/pulsectl-24.12.0-py2.py3-none-any.whl", hash = "sha256:13a60be940594f03ead3245b3dfe3aff4a3f9a792af347674bde5e716d4f76d2", size = 35133, upload-time = "2024-12-26T13:22:53.395Z" },
]

[[package]]
name = "pyalsaaudio"
version = "0.11.0"
source = { registry = "https://pypi.org/simple" }
sdist = { url = "https://files.pythonhosted.org/packages/21/a6/3d833079b030d449345e35ce0e2874e330d3612135734f07b9ceace25bcf/pyalsaaudio-0.11.0.tar.gz", hash = "sha256:a78a9dca33524b2c9064b34e21f5ab874272313cf324a9a77592f396a5e0fddc", size = 311152, upload-time = "2024-05-30T21:35:57.928Z" }

[[package]]
name = "sdbus"
version = "0.14.2"
source = { registry = "https://pypi.org/simple" }
sdist = { url = "https://files.pythonhosted.org/packages/7c/0f/0cf6b2fb0338fb3ab564cb8a8d68aa1c6de767851f5f9de9a3c83dbabeab/sdbus-0.14.2.tar.gz", hash = "sha256:4f5d13b196e1e1de35311ebb2563a32de791451a30f5b9a4894528ba98766412", size = 89923, upload-time = "2025-12-21T20:22:32.683Z" }
wheels = [
    { url = "https://files.pythonhosted.org/packages/6b/e0/43d2c3e0cc6f6c345df5f3230e2a9c62bd8ae8608d401f582ccf943da14d/sdbus-0.14.2-cp39-abi3-manylinux_2_28_aarch64.whl", hash = "sha256:fbed8db91668ad537089c42a71d30e2472faa2e6616a461441ab0d51344a461c", size = 769099, upload-time = "2025-12-21T20:22:27.773Z" },
    { url = "https://files.pythonhosted.org/packages/3a/0b/043869e8e53fe267b0fc9a98688f8ec9131ae2761a1665ee7c553b67ba69/sdbus-0.14.2-cp39-abi3-manylinux_2_28_armv7l.whl", hash = "sha256:019871c00d9c2eeb5b40c3f3c94ff1d6579a49e245d6ecaf3bd9e245c4b248bc", size = 698023, upload-time = "2025-12-21T20:22:29.518Z" },
    { url = "https://files.pythonhosted.org/packages/0f/f8/416467419d3345763372aaa51ef389fc95d0bd210679561edb63daa49933/sdbus-0.14.2-cp39-abi3-manylinux_2_28_x86_64.whl", hash = "sha256:8a64bbb6280104efeb24a9632a9ebd5504e9c9c1349594142bbe50e734f16c83", size = 742236, upload-time = "2025-12-21T20:22:31.207Z" },
]

[[package]]
name = "yavdr-pulse-dbusctl"
source = { editable = "." }
dependencies = [
    { name = "pulsectl" },
    { name = "pyalsaaudio" },
    { name = "sdbus" },
]

[package.metadata]
requires-dist = [
    { name = "pulsectl" },
    { name = "pyalsaaudio" },
    { name = "sdbus" },
]
